
Microsoft Visual Studio Solution File, Format Version 12.00
# Visual Studio Version 17
VisualStudioVersion = 17.0.32014.148
MinimumVisualStudioVersion = 10.0.40219.1
Project("{9A19103F-16F7-4668-BE54-9A1E7A4F7556}") = "HiddenVilla_Client", "HiddenVilla_Client\HiddenVilla_Client.csproj", "{203FC140-1DAA-495A-8ECA-E1623FF84C27}"
EndProject
Project("{9A19103F-16F7-4668-BE54-9A1E7A4F7556}") = "DataAcess", "DataAcess\DataAcess.csproj", "{8D8A9348-7E47-44B5-B1E7-B71E64110570}"
EndProject
Project("{9A19103F-16F7-4668-BE54-9A1E7A4F7556}") = "Common", "Common\Common.csproj", "{5EC2CC08-4617-4153-8D3A-8F16ADA5E6B0}"
EndProject
Project("{9A19103F-16F7-4668-BE54-9A1E7A4F7556}") = "Business", "Business\Business.csproj", "{6702BE7D-26CD-474B-88AA-7753C6DD0EA7}"
EndProject
Project("{9A19103F-16F7-4668-BE54-9A1E7A4F7556}") = "Models", "Models\Models.csproj", "{39918416-12A7-4286-B350-FFB533F81F7D}"
EndProject
Project("{9A19103F-16F7-4668-BE54-9A1E7A4F7556}") = "HiddenVilla_Server", "HiddenVilla_Server\HiddenVilla_Server.csproj", "{340130BB-C1BE-42A2-BF66-35955490C4DB}"
EndProject
Global
	GlobalSection(SolutionConfigurationPlatforms) = preSolution
		Debug|Any CPU = Debug|Any CPU
		Release|Any CPU = Release|Any CPU
	EndGlobalSection
	GlobalSection(ProjectConfigurationPlatforms) = postSolution
		{203FC140-1DAA-495A-8ECA-E1623FF84C27}.Debug|Any CPU.ActiveCfg = Debug|Any CPU
		{203FC140-1DAA-495A-8ECA-E1623FF84C27}.Debug|Any CPU.Build.0 = Debug|Any CPU
		{203FC140-1DAA-495A-8ECA-E1623FF84C27}.Release|Any CPU.ActiveCfg = Release|Any CPU
		{203FC140-1DAA-495A-8ECA-E1623FF84C27}.Release|Any CPU.Build.0 = Release|Any CPU
		{8D8A9348-7E47-44B5-B1E7-B71E64110570}.Debug|Any CPU.ActiveCfg = Debug|Any CPU
		{8D8A9348-7E47-44B5-B1E7-B71E64110570}.Debug|Any CPU.Build.0 = Debug|Any CPU
		{8D8A9348-7E47-44B5-B1E7-B71E64110570}.Release|Any CPU.ActiveCfg = Release|Any CPU
		{8D8A9348-7E47-44B5-B1E7-B71E64110570}.Release|Any CPU.Build.0 = Release|Any CPU
		{5EC2CC08-4617-4153-8D3A-8F16ADA5E6B0}.Debug|Any CPU.ActiveCfg = Debug|Any CPU
		{5EC2CC08-4617-4153-8D3A-8F16ADA5E6B0}.Debug|Any CPU.Build.0 = Debug|Any CPU
		{5EC2CC08-4617-4153-8D3A-8F16ADA5E6B0}.Release|Any CPU.ActiveCfg = Release|Any CPU
		{5EC2CC08-4617-4153-8D3A-8F16ADA5E6B0}.Release|Any CPU.Build.0 = Release|Any CPU
		{6702BE7D-26CD-474B-88AA-7753C6DD0EA7}.Debug|Any CPU.ActiveCfg = Debug|Any CPU
		{6702BE7D-26CD-474B-88AA-7753C6DD0EA7}.Debug|Any CPU.Build.0 = Debug|Any CPU
		{6702BE7D-26CD-474B-88AA-7753C6DD0EA7}.Release|Any CPU.ActiveCfg = Release|Any CPU
		{6702BE7D-26CD-474B-88AA-7753C6DD0EA7}.Release|Any CPU.Build.0 = Release|Any CPU
		{39918416-12A7-4286-B350-FFB533F81F7D}.Debug|Any CPU.ActiveCfg = Debug|Any CPU
		{39918416-12A7-4286-B350-FFB533F81F7D}.Debug|Any CPU.Build.0 = Debug|Any CPU
		{39918416-12A7-4286-B350-FFB533F81F7D}.Release|Any CPU.ActiveCfg = Release|Any CPU
		{39918416-12A7-4286-B350-FFB533F81F7D}.Release|Any CPU.Build.0 = Release|Any CPU
		{340130BB-C1BE-42A2-BF66-35955490C4DB}.Debug|Any CPU.ActiveCfg = Debug|Any CPU
		{340130BB-C1BE-42A2-BF66-35955490C4DB}.Debug|Any CPU.Build.0 = Debug|Any CPU
		{340130BB-C1BE-42A2-BF66-35955490C4DB}.Release|Any CPU.ActiveCfg = Release|Any CPU
		{340130BB-C1BE-42A2-BF66-35955490C4DB}.Release|Any CPU.Build.0 = Release|Any CPU
	EndGlobalSection
	GlobalSection(SolutionProperties) = preSolution
		HideSolutionNode = FALSE
	EndGlobalSection
	GlobalSection(ExtensibilityGlobals) = postSolution
		SolutionGuid = {9C341A04-68B3-44B7-A826-EE2F203B6D9C}
	EndGlobalSection
EndGlobal
